
Microsoft Visual Studio Solution File, Format Version 12.00
# Visual Studio Version 17
VisualStudioVersion = 17.0.31903.59
MinimumVisualStudioVersion = 10.0.40219.1
Project("{66A26720-8FB5-11D2-AA7E-00C04F688DDE}") = "src", "src", "{62D5EF03-65C2-51DC-B8C4-28D4D1D66754}"
EndProject
Project("{FAE04EC0-301F-11D3-BF4B-00C04F79EFBC}") = "FCCCodeDesktop.App", "src\FCCCodeDesktop.App\FCCCodeDesktop.App.csproj", "{B141D396-A664-5F79-8E88-B194BF761C73}"
EndProject
Project("{FAE04EC0-301F-11D3-BF4B-00C04F79EFBC}") = "FCCCodeDesktop.Core", "src\FCCCodeDesktop.Core\FCCCodeDesktop.Core.csproj", "{E4BEF71C-AFE1-5443-A607-8B23EFA4340A}"
EndProject
Project("{FAE04EC0-301F-11D3-BF4B-00C04F79EFBC}") = "FCCCodeDesktop.Application", "src\FCCCodeDesktop.Application\FCCCodeDesktop.Application.csproj", "{CDABB04D-27EA-5F16-8C42-13D8B4BACD99}"
EndProject
Project("{FAE04EC0-301F-11D3-BF4B-00C04F79EFBC}") = "FCCCodeDesktop.Infrastructure", "src\FCCCodeDesktop.Infrastructure\FCCCodeDesktop.Infrastructure.csproj", "{D1D73D3C-DCDA-5869-929D-F2F926E30B6C}"
EndProject
Project("{FAE04EC0-301F-11D3-BF4B-00C04F79EFBC}") = "FCCCodeDesktop.Persistence", "src\FCCCodeDesktop.Persistence\FCCCodeDesktop.Persistence.csproj", "{2D9A1F08-32D7-5015-BAB2-7197356C2192}"
EndProject
Project("{FAE04EC0-301F-11D3-BF4B-00C04F79EFBC}") = "FCCCodeDesktop.Runtime", "src\FCCCodeDesktop.Runtime\FCCCodeDesktop.Runtime.csproj", "{AB2567C9-F497-5E4D-A14B-3D6A0F0967CE}"
EndProject
Project("{FAE04EC0-301F-11D3-BF4B-00C04F79EFBC}") = "FCCCodeDesktop.Fcc", "src\FCCCodeDesktop.Fcc\FCCCodeDesktop.Fcc.csproj", "{2DE0F9BE-563B-534D-8916-932632401B09}"
EndProject
Project("{FAE04EC0-301F-11D3-BF4B-00C04F79EFBC}") = "FCCCodeDesktop.Files", "src\FCCCodeDesktop.Files\FCCCodeDesktop.Files.csproj", "{642CB74A-BC03-5348-B536-FF08A5A80A2A}"
EndProject
Project("{FAE04EC0-301F-11D3-BF4B-00C04F79EFBC}") = "FCCCodeDesktop.Git", "src\FCCCodeDesktop.Git\FCCCodeDesktop.Git.csproj", "{0E06EBC2-652A-5D43-A955-C6C7B1C80DF0}"
EndProject
Project("{FAE04EC0-301F-11D3-BF4B-00C04F79EFBC}") = "FCCCodeDesktop.Terminal", "src\FCCCodeDesktop.Terminal\FCCCodeDesktop.Terminal.csproj", "{15DB1DBC-450B-59ED-A469-84DEBA95D4C7}"
EndProject
Project("{FAE04EC0-301F-11D3-BF4B-00C04F79EFBC}") = "FCCCodeDesktop.Tools", "src\FCCCodeDesktop.Tools\FCCCodeDesktop.Tools.csproj", "{53FDAC01-B806-53E7-B337-3072D2E638A1}"
EndProject
Project("{FAE04EC0-301F-11D3-BF4B-00C04F79EFBC}") = "FCCCodeDesktop.Tools.Unity", "src\FCCCodeDesktop.Tools.Unity\FCCCodeDesktop.Tools.Unity.csproj", "{7493E8C4-2726-5497-B8A0-95B8A5B88AF1}"
EndProject
Project("{FAE04EC0-301F-11D3-BF4B-00C04F79EFBC}") = "FCCCodeDesktop.Tools.Blender", "src\FCCCodeDesktop.Tools.Blender\FCCCodeDesktop.Tools.Blender.csproj", "{B6CCB586-FC92-5AC4-9213-7088E4EA861C}"
EndProject
Project("{FAE04EC0-301F-11D3-BF4B-00C04F79EFBC}") = "FCCCodeDesktop.Security", "src\FCCCodeDesktop.Security\FCCCodeDesktop.Security.csproj", "{26595A3B-C9CC-5F1C-807F-4E1434ACC86C}"
EndProject
Project("{FAE04EC0-301F-11D3-BF4B-00C04F79EFBC}") = "FCCCodeDesktop.Diagnostics", "src\FCCCodeDesktop.Diagnostics\FCCCodeDesktop.Diagnostics.csproj", "{EBA64169-237A-5F11-B95A-330FDB7B8E08}"
EndProject
Project("{FAE04EC0-301F-11D3-BF4B-00C04F79EFBC}") = "FCCCodeDesktop.Updater", "src\FCCCodeDesktop.Updater\FCCCodeDesktop.Updater.csproj", "{06E71D8A-1992-5BE6-9081-A7747AB84204}"
EndProject
Project("{2150E333-8FDC-42A3-9474-1A3956D46DE8}") = "tests", "tests", "{0AB3BF05-4346-4AA6-1389-037BE0695223}"
EndProject
Project("{FAE04EC0-301F-11D3-BF4B-00C04F79EFBC}") = "FCCCodeDesktop.Testing", "tests\FCCCodeDesktop.Testing\FCCCodeDesktop.Testing.csproj", "{6433EEF5-263A-4E38-AAB1-BB2E67EC114F}"
EndProject
Project("{FAE04EC0-301F-11D3-BF4B-00C04F79EFBC}") = "FCCCodeDesktop.UnitTests", "tests\FCCCodeDesktop.UnitTests\FCCCodeDesktop.UnitTests.csproj", "{269C3259-7F9A-4DB1-B474-534FCBFC2779}"
EndProject
Project("{FAE04EC0-301F-11D3-BF4B-00C04F79EFBC}") = "FCCCodeDesktop.IntegrationTests", "tests\FCCCodeDesktop.IntegrationTests\FCCCodeDesktop.IntegrationTests.csproj", "{86983556-6FCD-468C-A6DE-77097534C8EC}"
EndProject
Global
	GlobalSection(SolutionConfigurationPlatforms) = preSolution
		Debug|Any CPU = Debug|Any CPU
		Debug|x64 = Debug|x64
		Debug|x86 = Debug|x86
		Release|Any CPU = Release|Any CPU
		Release|x64 = Release|x64
		Release|x86 = Release|x86
	EndGlobalSection
	GlobalSection(ProjectConfigurationPlatforms) = postSolution
		{62D5EF03-65C2-51DC-B8C4-28D4D1D66754}.Debug|x64.ActiveCfg = Debug|x64
		{62D5EF03-65C2-51DC-B8C4-28D4D1D66754}.Debug|x64.Build.0 = Debug|x64
		{62D5EF03-65C2-51DC-B8C4-28D4D1D66754}.Debug|x86.ActiveCfg = Debug|x86
		{62D5EF03-65C2-51DC-B8C4-28D4D1D66754}.Debug|x86.Build.0 = Debug|x86
		{62D5EF03-65C2-51DC-B8C4-28D4D1D66754}.Release|x64.ActiveCfg = Release|x64
		{62D5EF03-65C2-51DC-B8C4-28D4D1D66754}.Release|x64.Build.0 = Release|x64
		{62D5EF03-65C2-51DC-B8C4-28D4D1D66754}.Release|x86.ActiveCfg = Release|x86
		{62D5EF03-65C2-51DC-B8C4-28D4D1D66754}.Release|x86.Build.0 = Release|x86
		{B141D396-A664-5F79-8E88-B194BF761C73}.Debug|Any CPU.ActiveCfg = Debug|Any CPU
		{B141D396-A664-5F79-8E88-B194BF761C73}.Debug|Any CPU.Build.0 = Debug|Any CPU
		{B141D396-A664-5F79-8E88-B194BF761C73}.Debug|x64.ActiveCfg = Debug|Any CPU
		{B141D396-A664-5F79-8E88-B194BF761C73}.Debug|x64.Build.0 = Debug|Any CPU
		{B141D396-A664-5F79-8E88-B194BF761C73}.Debug|x86.ActiveCfg = Debug|Any CPU
		{B141D396-A664-5F79-8E88-B194BF761C73}.Debug|x86.Build.0 = Debug|Any CPU
		{B141D396-A664-5F79-8E88-B194BF761C73}.Release|Any CPU.ActiveCfg = Release|Any CPU
		{B141D396-A664-5F79-8E88-B194BF761C73}.Release|Any CPU.Build.0 = Release|Any CPU
		{B141D396-A664-5F79-8E88-B194BF761C73}.Release|x64.ActiveCfg = Release|Any CPU
		{B141D396-A664-5F79-8E88-B194BF761C73}.Release|x64.Build.0 = Release|Any CPU
		{B141D396-A664-5F79-8E88-B194BF761C73}.Release|x86.ActiveCfg = Release|Any CPU
		{B141D396-A664-5F79-8E88-B194BF761C73}.Release|x86.Build.0 = Release|Any CPU
		{E4BEF71C-AFE1-5443-A607-8B23EFA4340A}.Debug|Any CPU.ActiveCfg = Debug|Any CPU
		{E4BEF71C-AFE1-5443-A607-8B23EFA4340A}.Debug|Any CPU.Build.0 = Debug|Any CPU
		{E4BEF71C-AFE1-5443-A607-8B23EFA4340A}.Debug|x64.ActiveCfg = Debug|Any CPU
		{E4BEF71C-AFE1-5443-A607-8B23EFA4340A}.Debug|x64.Build.0 = Debug|Any CPU
		{E4BEF71C-AFE1-5443-A607-8B23EFA4340A}.Debug|x86.ActiveCfg = Debug|Any CPU
		{E4BEF71C-AFE1-5443-A607-8B23EFA4340A}.Debug|x86.Build.0 = Debug|Any CPU
		{E4BEF71C-AFE1-5443-A607-8B23EFA4340A}.Release|Any CPU.ActiveCfg = Release|Any CPU
		{E4BEF71C-AFE1-5443-A607-8B23EFA4340A}.Release|Any CPU.Build.0 = Release|Any CPU
		{E4BEF71C-AFE1-5443-A607-8B23EFA4340A}.Release|x64.ActiveCfg = Release|Any CPU
		{E4BEF71C-AFE1-5443-A607-8B23EFA4340A}.Release|x64.Build.0 = Release|Any CPU
		{E4BEF71C-AFE1-5443-A607-8B23EFA4340A}.Release|x86.ActiveCfg = Release|Any CPU
		{E4BEF71C-AFE1-5443-A607-8B23EFA4340A}.Release|x86.Build.0 = Release|Any CPU
		{CDABB04D-27EA-5F16-8C42-13D8B4BACD99}.Debug|Any CPU.ActiveCfg = Debug|Any CPU
		{CDABB04D-27EA-5F16-8C42-13D8B4BACD99}.Debug|Any CPU.Build.0 = Debug|Any CPU
		{CDABB04D-27EA-5F16-8C42-13D8B4BACD99}.Debug|x64.ActiveCfg = Debug|Any CPU
		{CDABB04D-27EA-5F16-8C42-13D8B4BACD99}.Debug|x64.Build.0 = Debug|Any CPU
		{CDABB04D-27EA-5F16-8C42-13D8B4BACD99}.Debug|x86.ActiveCfg = Debug|Any CPU
		{CDABB04D-27EA-5F16-8C42-13D8B4BACD99}.Debug|x86.Build.0 = Debug|Any CPU
		{CDABB04D-27EA-5F16-8C42-13D8B4BACD99}.Release|Any CPU.ActiveCfg = Release|Any CPU
		{CDABB04D-27EA-5F16-8C42-13D8B4BACD99}.Release|Any CPU.Build.0 = Release|Any CPU
		{CDABB04D-27EA-5F16-8C42-13D8B4BACD99}.Release|x64.ActiveCfg = Release|Any CPU
		{CDABB04D-27EA-5F16-8C42-13D8B4BACD99}.Release|x64.Build.0 = Release|Any CPU
		{CDABB04D-27EA-5F16-8C42-13D8B4BACD99}.Release|x86.ActiveCfg = Release|Any CPU
		{CDABB04D-27EA-5F16-8C42-13D8B4BACD99}.Release|x86.Build.0 = Release|Any CPU
		{D1D73D3C-DCDA-5869-929D-F2F926E30B6C}.Debug|Any CPU.ActiveCfg = Debug|Any CPU
		{D1D73D3C-DCDA-5869-929D-F2F926E30B6C}.Debug|Any CPU.Build.0 = Debug|Any CPU
		{D1D73D3C-DCDA-5869-929D-F2F926E30B6C}.Debug|x64.ActiveCfg = Debug|Any CPU
		{D1D73D3C-DCDA-5869-929D-F2F926E30B6C}.Debug|x64.Build.0 = Debug|Any CPU
		{D1D73D3C-DCDA-5869-929D-F2F926E30B6C}.Debug|x86.ActiveCfg = Debug|Any CPU
		{D1D73D3C-DCDA-5869-929D-F2F926E30B6C}.Debug|x86.Build.0 = Debug|Any CPU
		{D1D73D3C-DCDA-5869-929D-F2F926E30B6C}.Release|Any CPU.ActiveCfg = Release|Any CPU
		{D1D73D3C-DCDA-5869-929D-F2F926E30B6C}.Release|Any CPU.Build.0 = Release|Any CPU
		{D1D73D3C-DCDA-5869-929D-F2F926E30B6C}.Release|x64.ActiveCfg = Release|Any CPU
		{D1D73D3C-DCDA-5869-929D-F2F926E30B6C}.Release|x64.Build.0 = Release|Any CPU
		{D1D73D3C-DCDA-5869-929D-F2F926E30B6C}.Release|x86.ActiveCfg = Release|Any CPU
		{D1D73D3C-DCDA-5869-929D-F2F926E30B6C}.Release|x86.Build.0 = Release|Any CPU
		{2D9A1F08-32D7-5015-BAB2-7197356C2192}.Debug|Any CPU.ActiveCfg = Debug|Any CPU
		{2D9A1F08-32D7-5015-BAB2-7197356C2192}.Debug|Any CPU.Build.0 = Debug|Any CPU
		{2D9A1F08-32D7-5015-BAB2-7197356C2192}.Debug|x64.ActiveCfg = Debug|Any CPU
		{2D9A1F08-32D7-5015-BAB2-7197356C2192}.Debug|x64.Build.0 = Debug|Any CPU
		{2D9A1F08-32D7-5015-BAB2-7197356C2192}.Debug|x86.ActiveCfg = Debug|Any CPU
		{2D9A1F08-32D7-5015-BAB2-7197356C2192}.Debug|x86.Build.0 = Debug|Any CPU
		{2D9A1F08-32D7-5015-BAB2-7197356C2192}.Release|Any CPU.ActiveCfg = Release|Any CPU
		{2D9A1F08-32D7-5015-BAB2-7197356C2192}.Release|Any CPU.Build.0 = Release|Any CPU
		{2D9A1F08-32D7-5015-BAB2-7197356C2192}.Release|x64.ActiveCfg = Release|Any CPU
		{2D9A1F08-32D7-5015-BAB2-7197356C2192}.Release|x64.Build.0 = Release|Any CPU
		{2D9A1F08-32D7-5015-BAB2-7197356C2192}.Release|x86.ActiveCfg = Release|Any CPU
		{2D9A1F08-32D7-5015-BAB2-7197356C2192}.Release|x86.Build.0 = Release|Any CPU
		{AB2567C9-F497-5E4D-A14B-3D6A0F0967CE}.Debug|Any CPU.ActiveCfg = Debug|Any CPU
		{AB2567C9-F497-5E4D-A14B-3D6A0F0967CE}.Debug|Any CPU.Build.0 = Debug|Any CPU
		{AB2567C9-F497-5E4D-A14B-3D6A0F0967CE}.Debug|x64.ActiveCfg = Debug|Any CPU
		{AB2567C9-F497-5E4D-A14B-3D6A0F0967CE}.Debug|x64.Build.0 = Debug|Any CPU
		{AB2567C9-F497-5E4D-A14B-3D6A0F0967CE}.Debug|x86.ActiveCfg = Debug|Any CPU
		{AB2567C9-F497-5E4D-A14B-3D6A0F0967CE}.Debug|x86.Build.0 = Debug|Any CPU
		{AB2567C9-F497-5E4D-A14B-3D6A0F0967CE}.Release|Any CPU.ActiveCfg = Release|Any CPU
		{AB2567C9-F497-5E4D-A14B-3D6A0F0967CE}.Release|Any CPU.Build.0 = Release|Any CPU
		{AB2567C9-F497-5E4D-A14B-3D6A0F0967CE}.Release|x64.ActiveCfg = Release|Any CPU
		{AB2567C9-F497-5E4D-A14B-3D6A0F0967CE}.Release|x64.Build.0 = Release|Any CPU
		{AB2567C9-F497-5E4D-A14B-3D6A0F0967CE}.Release|x86.ActiveCfg = Release|Any CPU
		{AB2567C9-F497-5E4D-A14B-3D6A0F0967CE}.Release|x86.Build.0 = Release|Any CPU
		{2DE0F9BE-563B-534D-8916-932632401B09}.Debug|Any CPU.ActiveCfg = Debug|Any CPU
		{2DE0F9BE-563B-534D-8916-932632401B09}.Debug|Any CPU.Build.0 = Debug|Any CPU
		{2DE0F9BE-563B-534D-8916-932632401B09}.Debug|x64.ActiveCfg = Debug|Any CPU
		{2DE0F9BE-563B-534D-8916-932632401B09}.Debug|x64.Build.0 = Debug|Any CPU
		{2DE0F9BE-563B-534D-8916-932632401B09}.Debug|x86.ActiveCfg = Debug|Any CPU
		{2DE0F9BE-563B-534D-8916-932632401B09}.Debug|x86.Build.0 = Debug|Any CPU
		{2DE0F9BE-563B-534D-8916-932632401B09}.Release|Any CPU.ActiveCfg = Release|Any CPU
		{2DE0F9BE-563B-534D-8916-932632401B09}.Release|Any CPU.Build.0 = Release|Any CPU
		{2DE0F9BE-563B-534D-8916-932632401B09}.Release|x64.ActiveCfg = Release|Any CPU
		{2DE0F9BE-563B-534D-8916-932632401B09}.Release|x64.Build.0 = Release|Any CPU
		{2DE0F9BE-563B-534D-8916-932632401B09}.Release|x86.ActiveCfg = Release|Any CPU
		{2DE0F9BE-563B-534D-8916-932632401B09}.Release|x86.Build.0 = Release|Any CPU
		{642CB74A-BC03-5348-B536-FF08A5A80A2A}.Debug|Any CPU.ActiveCfg = Debug|Any CPU
		{642CB74A-BC03-5348-B536-FF08A5A80A2A}.Debug|Any CPU.Build.0 = Debug|Any CPU
		{642CB74A-BC03-5348-B536-FF08A5A80A2A}.Debug|x64.ActiveCfg = Debug|Any CPU
		{642CB74A-BC03-5348-B536-FF08A5A80A2A}.Debug|x64.Build.0 = Debug|Any CPU
		{642CB74A-BC03-5348-B536-FF08A5A80A2A}.Debug|x86.ActiveCfg = Debug|Any CPU
		{642CB74A-BC03-5348-B536-FF08A5A80A2A}.Debug|x86.Build.0 = Debug|Any CPU
		{642CB74A-BC03-5348-B536-FF08A5A80A2A}.Release|Any CPU.ActiveCfg = Release|Any CPU
		{642CB74A-BC03-5348-B536-FF08A5A80A2A}.Release|Any CPU.Build.0 = Release|Any CPU
		{642CB74A-BC03-5348-B536-FF08A5A80A2A}.Release|x64.ActiveCfg = Release|Any CPU
		{642CB74A-BC03-5348-B536-FF08A5A80A2A}.Release|x64.Build.0 = Release|Any CPU
		{642CB74A-BC03-5348-B536-FF08A5A80A2A}.Release|x86.ActiveCfg = Release|Any CPU
		{642CB74A-BC03-5348-B536-FF08A5A80A2A}.Release|x86.Build.0 = Release|Any CPU
		{0E06EBC2-652A-5D43-A955-C6C7B1C80DF0}.Debug|Any CPU.ActiveCfg = Debug|Any CPU
		{0E06EBC2-652A-5D43-A955-C6C7B1C80DF0}.Debug|Any CPU.Build.0 = Debug|Any CPU
		{0E06EBC2-652A-5D43-A955-C6C7B1C80DF0}.Debug|x64.ActiveCfg = Debug|Any CPU
		{0E06EBC2-652A-5D43-A955-C6C7B1C80DF0}.Debug|x64.Build.0 = Debug|Any CPU
		{0E06EBC2-652A-5D43-A955-C6C7B1C80DF0}.Debug|x86.ActiveCfg = Debug|Any CPU
		{0E06EBC2-652A-5D43-A955-C6C7B1C80DF0}.Debug|x86.Build.0 = Debug|Any CPU
		{0E06EBC2-652A-5D43-A955-C6C7B1C80DF0}.Release|Any CPU.ActiveCfg = Release|Any CPU
		{0E06EBC2-652A-5D43-A955-C6C7B1C80DF0}.Release|Any CPU.Build.0 = Release|Any CPU
		{0E06EBC2-652A-5D43-A955-C6C7B1C80DF0}.Release|x64.ActiveCfg = Release|Any CPU
		{0E06EBC2-652A-5D43-A955-C6C7B1C80DF0}.Release|x64.Build.0 = Release|Any CPU
		{0E06EBC2-652A-5D43-A955-C6C7B1C80DF0}.Release|x86.ActiveCfg = Release|Any CPU
		{0E06EBC2-652A-5D43-A955-C6C7B1C80DF0}.Release|x86.Build.0 = Release|Any CPU
		{15DB1DBC-450B-59ED-A469-84DEBA95D4C7}.Debug|Any CPU.ActiveCfg = Debug|Any CPU
		{15DB1DBC-450B-59ED-A469-84DEBA95D4C7}.Debug|Any CPU.Build.0 = Debug|Any CPU
		{15DB1DBC-450B-59ED-A469-84DEBA95D4C7}.Debug|x64.ActiveCfg = Debug|Any CPU
		{15DB1DBC-450B-59ED-A469-84DEBA95D4C7}.Debug|x64.Build.0 = Debug|Any CPU
		{15DB1DBC-450B-59ED-A469-84DEBA95D4C7}.Debug|x86.ActiveCfg = Debug|Any CPU
		{15DB1DBC-450B-59ED-A469-84DEBA95D4C7}.Debug|x86.Build.0 = Debug|Any CPU
		{15DB1DBC-450B-59ED-A469-84DEBA95D4C7}.Release|Any CPU.ActiveCfg = Release|Any CPU
		{15DB1DBC-450B-59ED-A469-84DEBA95D4C7}.Release|Any CPU.Build.0 = Release|Any CPU
		{15DB1DBC-450B-59ED-A469-84DEBA95D4C7}.Release|x64.ActiveCfg = Release|Any CPU
		{15DB1DBC-450B-59ED-A469-84DEBA95D4C7}.Release|x64.Build.0 = Release|Any CPU
		{15DB1DBC-450B-59ED-A469-84DEBA95D4C7}.Release|x86.ActiveCfg = Release|Any CPU
		{15DB1DBC-450B-59ED-A469-84DEBA95D4C7}.Release|x86.Build.0 = Release|Any CPU
		{53FDAC01-B806-53E7-B337-3072D2E638A1}.Debug|Any CPU.ActiveCfg = Debug|Any CPU
		{53FDAC01-B806-53E7-B337-3072D2E638A1}.Debug|Any CPU.Build.0 = Debug|Any CPU
		{53FDAC01-B806-53E7-B337-3072D2E638A1}.Debug|x64.ActiveCfg = Debug|Any CPU
		{53FDAC01-B806-53E7-B337-3072D2E638A1}.Debug|x64.Build.0 = Debug|Any CPU
		{53FDAC01-B806-53E7-B337-3072D2E638A1}.Debug|x86.ActiveCfg = Debug|Any CPU
		{53FDAC01-B806-53E7-B337-3072D2E638A1}.Debug|x86.Build.0 = Debug|Any CPU
		{53FDAC01-B806-53E7-B337-3072D2E638A1}.Release|Any CPU.ActiveCfg = Release|Any CPU
		{53FDAC01-B806-53E7-B337-3072D2E638A1}.Release|Any CPU.Build.0 = Release|Any CPU
		{53FDAC01-B806-53E7-B337-3072D2E638A1}.Release|x64.ActiveCfg = Release|Any CPU
		{53FDAC01-B806-53E7-B337-3072D2E638A1}.Release|x64.Build.0 = Release|Any CPU
		{53FDAC01-B806-53E7-B337-3072D2E638A1}.Release|x86.ActiveCfg = Release|Any CPU
		{53FDAC01-B806-53E7-B337-3072D2E638A1}.Release|x86.Build.0 = Release|Any CPU
		{7493E8C4-2726-5497-B8A0-95B8A5B88AF1}.Debug|Any CPU.ActiveCfg = Debug|Any CPU
		{7493E8C4-2726-5497-B8A0-95B8A5B88AF1}.Debug|Any CPU.Build.0 = Debug|Any CPU
		{7493E8C4-2726-5497-B8A0-95B8A5B88AF1}.Debug|x64.ActiveCfg = Debug|Any CPU
		{7493E8C4-2726-5497-B8A0-95B8A5B88AF1}.Debug|x64.Build.0 = Debug|Any CPU
		{7493E8C4-2726-5497-B8A0-95B8A5B88AF1}.Debug|x86.ActiveCfg = Debug|Any CPU
		{7493E8C4-2726-5497-B8A0-95B8A5B88AF1}.Debug|x86.Build.0 = Debug|Any CPU
		{7493E8C4-2726-5497-B8A0-95B8A5B88AF1}.Release|Any CPU.ActiveCfg = Release|Any CPU
		{7493E8C4-2726-5497-B8A0-95B8A5B88AF1}.Release|Any CPU.Build.0 = Release|Any CPU
		{7493E8C4-2726-5497-B8A0-95B8A5B88AF1}.Release|x64.ActiveCfg = Release|Any CPU
		{7493E8C4-2726-5497-B8A0-95B8A5B88AF1}.Release|x64.Build.0 = Release|Any CPU
		{7493E8C4-2726-5497-B8A0-95B8A5B88AF1}.Release|x86.ActiveCfg = Release|Any CPU
		{7493E8C4-2726-5497-B8A0-95B8A5B88AF1}.Release|x86.Build.0 = Release|Any CPU
		{B6CCB586-FC92-5AC4-9213-7088E4EA861C}.Debug|Any CPU.ActiveCfg = Debug|Any CPU
		{B6CCB586-FC92-5AC4-9213-7088E4EA861C}.Debug|Any CPU.Build.0 = Debug|Any CPU
		{B6CCB586-FC92-5AC4-9213-7088E4EA861C}.Debug|x64.ActiveCfg = Debug|Any CPU
		{B6CCB586-FC92-5AC4-9213-7088E4EA861C}.Debug|x64.Build.0 = Debug|Any CPU
		{B6CCB586-FC92-5AC4-9213-7088E4EA861C}.Debug|x86.ActiveCfg = Debug|Any CPU
		{B6CCB586-FC92-5AC4-9213-7088E4EA861C}.Debug|x86.Build.0 = Debug|Any CPU
		{B6CCB586-FC92-5AC4-9213-7088E4EA861C}.Release|Any CPU.ActiveCfg = Release|Any CPU
		{B6CCB586-FC92-5AC4-9213-7088E4EA861C}.Release|Any CPU.Build.0 = Release|Any CPU
		{B6CCB586-FC92-5AC4-9213-7088E4EA861C}.Release|x64.ActiveCfg = Release|Any CPU
		{B6CCB586-FC92-5AC4-9213-7088E4EA861C}.Release|x64.Build.0 = Release|Any CPU
		{B6CCB586-FC92-5AC4-9213-7088E4EA861C}.Release|x86.ActiveCfg = Release|Any CPU
		{B6CCB586-FC92-5AC4-9213-7088E4EA861C}.Release|x86.Build.0 = Release|Any CPU
		{26595A3B-C9CC-5F1C-807F-4E1434ACC86C}.Debug|Any CPU.ActiveCfg = Debug|Any CPU
		{26595A3B-C9CC-5F1C-807F-4E1434ACC86C}.Debug|Any CPU.Build.0 = Debug|Any CPU
		{26595A3B-C9CC-5F1C-807F-4E1434ACC86C}.Debug|x64.ActiveCfg = Debug|Any CPU
		{26595A3B-C9CC-5F1C-807F-4E1434ACC86C}.Debug|x64.Build.0 = Debug|Any CPU
		{26595A3B-C9CC-5F1C-807F-4E1434ACC86C}.Debug|x86.ActiveCfg = Debug|Any CPU
		{26595A3B-C9CC-5F1C-807F-4E1434ACC86C}.Debug|x86.Build.0 = Debug|Any CPU
		{26595A3B-C9CC-5F1C-807F-4E1434ACC86C}.Release|Any CPU.ActiveCfg = Release|Any CPU
		{26595A3B-C9CC-5F1C-807F-4E1434ACC86C}.Release|Any CPU.Build.0 = Release|Any CPU
		{26595A3B-C9CC-5F1C-807F-4E1434ACC86C}.Release|x64.ActiveCfg = Release|Any CPU
		{26595A3B-C9CC-5F1C-807F-4E1434ACC86C}.Release|x64.Build.0 = Release|Any CPU
		{26595A3B-C9CC-5F1C-807F-4E1434ACC86C}.Release|x86.ActiveCfg = Release|Any CPU
		{26595A3B-C9CC-5F1C-807F-4E1434ACC86C}.Release|x86.Build.0 = Release|Any CPU
		{EBA64169-237A-5F11-B95A-330FDB7B8E08}.Debug|Any CPU.ActiveCfg = Debug|Any CPU
		{EBA64169-237A-5F11-B95A-330FDB7B8E08}.Debug|Any CPU.Build.0 = Debug|Any CPU
		{EBA64169-237A-5F11-B95A-330FDB7B8E08}.Debug|x64.ActiveCfg = Debug|Any CPU
		{EBA64169-237A-5F11-B95A-330FDB7B8E08}.Debug|x64.Build.0 = Debug|Any CPU
		{EBA64169-237A-5F11-B95A-330FDB7B8E08}.Debug|x86.ActiveCfg = Debug|Any CPU
		{EBA64169-237A-5F11-B95A-330FDB7B8E08}.Debug|x86.Build.0 = Debug|Any CPU
		{EBA64169-237A-5F11-B95A-330FDB7B8E08}.Release|Any CPU.ActiveCfg = Release|Any CPU
		{EBA64169-237A-5F11-B95A-330FDB7B8E08}.Release|Any CPU.Build.0 = Release|Any CPU
		{EBA64169-237A-5F11-B95A-330FDB7B8E08}.Release|x64.ActiveCfg = Release|Any CPU
		{EBA64169-237A-5F11-B95A-330FDB7B8E08}.Release|x64.Build.0 = Release|Any CPU
		{EBA64169-237A-5F11-B95A-330FDB7B8E08}.Release|x86.ActiveCfg = Release|Any CPU
		{EBA64169-237A-5F11-B95A-330FDB7B8E08}.Release|x86.Build.0 = Release|Any CPU
		{06E71D8A-1992-5BE6-9081-A7747AB84204}.Debug|Any CPU.ActiveCfg = Debug|Any CPU
		{06E71D8A-1992-5BE6-9081-A7747AB84204}.Debug|Any CPU.Build.0 = Debug|Any CPU
		{06E71D8A-1992-5BE6-9081-A7747AB84204}.Debug|x64.ActiveCfg = Debug|Any CPU
		{06E71D8A-1992-5BE6-9081-A7747AB84204}.Debug|x64.Build.0 = Debug|Any CPU
		{06E71D8A-1992-5BE6-9081-A7747AB84204}.Debug|x86.ActiveCfg = Debug|Any CPU
		{06E71D8A-1992-5BE6-9081-A7747AB84204}.Debug|x86.Build.0 = Debug|Any CPU
		{06E71D8A-1992-5BE6-9081-A7747AB84204}.Release|Any CPU.ActiveCfg = Release|Any CPU
		{06E71D8A-1992-5BE6-9081-A7747AB84204}.Release|Any CPU.Build.0 = Release|Any CPU
		{06E71D8A-1992-5BE6-9081-A7747AB84204}.Release|x64.ActiveCfg = Release|Any CPU
		{06E71D8A-1992-5BE6-9081-A7747AB84204}.Release|x64.Build.0 = Release|Any CPU
		{06E71D8A-1992-5BE6-9081-A7747AB84204}.Release|x86.ActiveCfg = Release|Any CPU
		{06E71D8A-1992-5BE6-9081-A7747AB84204}.Release|x86.Build.0 = Release|Any CPU
		{6433EEF5-263A-4E38-AAB1-BB2E67EC114F}.Debug|Any CPU.ActiveCfg = Debug|Any CPU
		{6433EEF5-263A-4E38-AAB1-BB2E67EC114F}.Debug|Any CPU.Build.0 = Debug|Any CPU
		{6433EEF5-263A-4E38-AAB1-BB2E67EC114F}.Debug|x64.ActiveCfg = Debug|Any CPU
		{6433EEF5-263A-4E38-AAB1-BB2E67EC114F}.Debug|x64.Build.0 = Debug|Any CPU
		{6433EEF5-263A-4E38-AAB1-BB2E67EC114F}.Debug|x86.ActiveCfg = Debug|Any CPU
		{6433EEF5-263A-4E38-AAB1-BB2E67EC114F}.Debug|x86.Build.0 = Debug|Any CPU
		{6433EEF5-263A-4E38-AAB1-BB2E67EC114F}.Release|Any CPU.ActiveCfg = Release|Any CPU
		{6433EEF5-263A-4E38-AAB1-BB2E67EC114F}.Release|Any CPU.Build.0 = Release|Any CPU
		{6433EEF5-263A-4E38-AAB1-BB2E67EC114F}.Release|x64.ActiveCfg = Release|Any CPU
		{6433EEF5-263A-4E38-AAB1-BB2E67EC114F}.Release|x64.Build.0 = Release|Any CPU
		{6433EEF5-263A-4E38-AAB1-BB2E67EC114F}.Release|x86.ActiveCfg = Release|Any CPU
		{6433EEF5-263A-4E38-AAB1-BB2E67EC114F}.Release|x86.Build.0 = Release|Any CPU
		{269C3259-7F9A-4DB1-B474-534FCBFC2779}.Debug|Any CPU.ActiveCfg = Debug|Any CPU
		{269C3259-7F9A-4DB1-B474-534FCBFC2779}.Debug|Any CPU.Build.0 = Debug|Any CPU
		{269C3259-7F9A-4DB1-B474-534FCBFC2779}.Debug|x64.ActiveCfg = Debug|Any CPU
		{269C3259-7F9A-4DB1-B474-534FCBFC2779}.Debug|x64.Build.0 = Debug|Any CPU
		{269C3259-7F9A-4DB1-B474-534FCBFC2779}.Debug|x86.ActiveCfg = Debug|Any CPU
		{269C3259-7F9A-4DB1-B474-534FCBFC2779}.Debug|x86.Build.0 = Debug|Any CPU
		{269C3259-7F9A-4DB1-B474-534FCBFC2779}.Release|Any CPU.ActiveCfg = Release|Any CPU
		{269C3259-7F9A-4DB1-B474-534FCBFC2779}.Release|Any CPU.Build.0 = Release|Any CPU
		{269C3259-7F9A-4DB1-B474-534FCBFC2779}.Release|x64.ActiveCfg = Release|Any CPU
		{269C3259-7F9A-4DB1-B474-534FCBFC2779}.Release|x64.Build.0 = Release|Any CPU
		{269C3259-7F9A-4DB1-B474-534FCBFC2779}.Release|x86.ActiveCfg = Release|Any CPU
		{269C3259-7F9A-4DB1-B474-534FCBFC2779}.Release|x86.Build.0 = Release|Any CPU
		{86983556-6FCD-468C-A6DE-77097534C8EC}.Debug|Any CPU.ActiveCfg = Debug|Any CPU
		{86983556-6FCD-468C-A6DE-77097534C8EC}.Debug|Any CPU.Build.0 = Debug|Any CPU
		{86983556-6FCD-468C-A6DE-77097534C8EC}.Debug|x64.ActiveCfg = Debug|Any CPU
		{86983556-6FCD-468C-A6DE-77097534C8EC}.Debug|x64.Build.0 = Debug|Any CPU
		{86983556-6FCD-468C-A6DE-77097534C8EC}.Debug|x86.ActiveCfg = Debug|Any CPU
		{86983556-6FCD-468C-A6DE-77097534C8EC}.Debug|x86.Build.0 = Debug|Any CPU
		{86983556-6FCD-468C-A6DE-77097534C8EC}.Release|Any CPU.ActiveCfg = Release|Any CPU
		{86983556-6FCD-468C-A6DE-77097534C8EC}.Release|Any CPU.Build.0 = Release|Any CPU
		{86983556-6FCD-468C-A6DE-77097534C8EC}.Release|x64.ActiveCfg = Release|Any CPU
		{86983556-6FCD-468C-A6DE-77097534C8EC}.Release|x64.Build.0 = Release|Any CPU
		{86983556-6FCD-468C-A6DE-77097534C8EC}.Release|x86.ActiveCfg = Release|Any CPU
		{86983556-6FCD-468C-A6DE-77097534C8EC}.Release|x86.Build.0 = Release|Any CPU
	EndGlobalSection
	GlobalSection(SolutionProperties) = preSolution
		HideSolutionNode = FALSE
	EndGlobalSection
	GlobalSection(NestedProjects) = preSolution
		{6433EEF5-263A-4E38-AAB1-BB2E67EC114F} = {0AB3BF05-4346-4AA6-1389-037BE0695223}
		{269C3259-7F9A-4DB1-B474-534FCBFC2779} = {0AB3BF05-4346-4AA6-1389-037BE0695223}
		{86983556-6FCD-468C-A6DE-77097534C8EC} = {0AB3BF05-4346-4AA6-1389-037BE0695223}
	EndGlobalSection
EndGlobal
