{
  "version": 2,
  "dependencies": {
    "net10.0-windows7.0": {
      "fcccodedesktop.application": {
        "type": "Project",
        "dependencies": {
          "FCCCodeDesktop.Core": "[1.0.0, )",
          "FCCCodeDesktop.Runtime": "[1.0.0, )",
          "FCCCodeDesktop.Tools": "[1.0.0, )"
        }
      },
      "fcccodedesktop.core": {
        "type": "Project"
      },
      "fcccodedesktop.infrastructure": {
        "type": "Project",
        "dependencies": {
          "FCCCodeDesktop.Core": "[1.0.0, )"
        }
      },
      "fcccodedesktop.runtime": {
        "type": "Project",
        "dependencies": {
          "FCCCodeDesktop.Core": "[1.0.0, )"
        }
      },
      "fcccodedesktop.tools": {
        "type": "Project",
        "dependencies": {
          "FCCCodeDesktop.Core": "[1.0.0, )"
        }
      }
    }
  }
}